{
  "requires": true,
  "lockfileVersion": 1,
  "dependencies": {
    "@ng-select/ng-select": {
      "version": "5.0.3",
      "resolved": "https://connectedcicd.bmwgroup.net/cicdnexus/content/groups/npmjs.org/@ng-select/ng-select/-/ng-select-5.0.3.tgz",
      "integrity": "sha512-xXceREqEW7pxQALwQ0CGQDB0uESBSFHxVOTTr0Ukdj4QZnrYzIiIKNkmB1VDiLXpMrOThVGo7+Za99Zi/5Ylqw==",
      "requires": {
        "tslib": "^2.0.0"
      }
    },
    "@types/node": {
      "version": "14.10.2",
      "resolved": "https://registry.npmjs.org/@types/node/-/node-14.10.2.tgz",
      "integrity": "sha512-IzMhbDYCpv26pC2wboJ4MMOa9GKtjplXfcAqrMeNJpUUwpM/2ATt2w1JPUXwS6spu856TvKZL2AOmeU2rAxskw=="
    },
    "minimist": {
      "version": "1.2.5",
      "resolved": "https://registry.npmjs.org/minimist/-/minimist-1.2.5.tgz",
      "integrity": "sha512-FM9nNUYrRBAELZQT3xeZQ7fmMOBg6nWNmJKTcgsJeaLstP/UODVpGsr5OhXhhXg6f+qtJ8uiZ+PUxkDWcgIXLw=="
    },
    "mkdirp": {
      "version": "0.5.5",
      "resolved": "https://registry.npmjs.org/mkdirp/-/mkdirp-0.5.5.tgz",
      "integrity": "sha512-NKmAlESf6jMGym1++R0Ra7wvhV+wFW63FaSOFPwRahvea0gMUcGUhVeAg/0BC0wiv9ih5NYPB1Wn1UEI1/L+xQ==",
      "requires": {
        "minimist": "^1.2.5"
      }
    },
    "properties-reader": {
      "version": "2.1.1",
      "resolved": "https://registry.npmjs.org/properties-reader/-/properties-reader-2.1.1.tgz",
      "integrity": "sha512-1t9JG6aMQn/I6ZzwbusXJB4pvHLbi43cQVZj56CuBq7tUmLe1S/HtSN5iqw4qg26UxOQLj0IEfikD5Zcrc3XvA==",
      "requires": {
        "mkdirp": "~0.5.1"
      }
    },
    "ts-json-properties": {
      "version": "2.0.3",
      "resolved": "https://registry.npmjs.org/ts-json-properties/-/ts-json-properties-2.0.3.tgz",
      "integrity": "sha512-67gVjESvnci1mkPtqKWtVRxV88QUBF1nzWJRGMqMTMFlGPz3v7SoLvVo0KgwipNropmJPdXZWR/xlEennFlO0w=="
    },
    "tslib": {
      "version": "2.0.1",
      "resolved": "https://connectedcicd.bmwgroup.net/cicdnexus/content/groups/npmjs.org/tslib/-/tslib-2.0.1.tgz",
      "integrity": "sha512-SgIkNheinmEBgx1IUNirK0TUD4X9yjjBRTqqjggWCU3pUEqIk3/Uwl3yRixYKT6WjQuGiwDv4NomL3wqRCj+CQ=="
    }
  }
}
